
Microsoft Visual Studio Solution File, Format Version 12.00
# Visual Studio Version 17
VisualStudioVersion = 17.5.33627.172
MinimumVisualStudioVersion = 10.0.40219.1
Project("{FAE04EC0-301F-11D3-BF4B-00C04F79EFBC}") = "BST", "BST\BST.csproj", "{0670763D-D780-4DC3-AE13-5CE4432944AD}"
EndProject
Project("{FAE04EC0-301F-11D3-BF4B-00C04F79EFBC}") = "DataStructureCommon", "DataStructureCommon\DataStructureCommon.csproj", "{A8CEA7DD-AC86-4A8D-85B5-48DF3A67E848}"
EndProject
Global
	GlobalSection(SolutionConfigurationPlatforms) = preSolution
		Debug|Any CPU = Debug|Any CPU
		Release|Any CPU = Release|Any CPU
	EndGlobalSection
	GlobalSection(ProjectConfigurationPlatforms) = postSolution
		{0670763D-D780-4DC3-AE13-5CE4432944AD}.Debug|Any CPU.ActiveCfg = Debug|Any CPU
		{0670763D-D780-4DC3-AE13-5CE4432944AD}.Debug|Any CPU.Build.0 = Debug|Any CPU
		{0670763D-D780-4DC3-AE13-5CE4432944AD}.Release|Any CPU.ActiveCfg = Release|Any CPU
		{0670763D-D780-4DC3-AE13-5CE4432944AD}.Release|Any CPU.Build.0 = Release|Any CPU
		{A8CEA7DD-AC86-4A8D-85B5-48DF3A67E848}.Debug|Any CPU.ActiveCfg = Debug|Any CPU
		{A8CEA7DD-AC86-4A8D-85B5-48DF3A67E848}.Debug|Any CPU.Build.0 = Debug|Any CPU
		{A8CEA7DD-AC86-4A8D-85B5-48DF3A67E848}.Release|Any CPU.ActiveCfg = Release|Any CPU
		{A8CEA7DD-AC86-4A8D-85B5-48DF3A67E848}.Release|Any CPU.Build.0 = Release|Any CPU
	EndGlobalSection
	GlobalSection(SolutionProperties) = preSolution
		HideSolutionNode = FALSE
	EndGlobalSection
	GlobalSection(ExtensibilityGlobals) = postSolution
		SolutionGuid = {71581584-DB11-4907-BF86-5900E150AB4A}
	EndGlobalSection
EndGlobal
