
Microsoft Visual Studio Solution File, Format Version 12.00
# Visual Studio Version 17
VisualStudioVersion = 17.5.33627.172
MinimumVisualStudioVersion = 10.0.40219.1
Project("{FAE04EC0-301F-11D3-BF4B-00C04F79EFBC}") = "Delegates", "Delegates\Delegates.csproj", "{E43A2687-7119-485F-BA84-81E65A6B0961}"
EndProject
Global
	GlobalSection(SolutionConfigurationPlatforms) = preSolution
		Debug|Any CPU = Debug|Any CPU
		Release|Any CPU = Release|Any CPU
	EndGlobalSection
	GlobalSection(ProjectConfigurationPlatforms) = postSolution
		{E43A2687-7119-485F-BA84-81E65A6B0961}.Debug|Any CPU.ActiveCfg = Debug|Any CPU
		{E43A2687-7119-485F-BA84-81E65A6B0961}.Debug|Any CPU.Build.0 = Debug|Any CPU
		{E43A2687-7119-485F-BA84-81E65A6B0961}.Release|Any CPU.ActiveCfg = Release|Any CPU
		{E43A2687-7119-485F-BA84-81E65A6B0961}.Release|Any CPU.Build.0 = Release|Any CPU
	EndGlobalSection
	GlobalSection(SolutionProperties) = preSolution
		HideSolutionNode = FALSE
	EndGlobalSection
	GlobalSection(ExtensibilityGlobals) = postSolution
		SolutionGuid = {5BDB911F-4609-45FB-8018-2FCF3FE805B4}
	EndGlobalSection
EndGlobal
