
Microsoft Visual Studio Solution File, Format Version 12.00
# Visual Studio Version 17
VisualStudioVersion = 17.5.33627.172
MinimumVisualStudioVersion = 10.0.40219.1
Project("{FAE04EC0-301F-11D3-BF4B-00C04F79EFBC}") = "HashTableExample", "HashTableExample.csproj", "{AB818279-A10A-4FF5-9D9D-D129DA89CCE0}"
EndProject
Global
	GlobalSection(SolutionConfigurationPlatforms) = preSolution
		Debug|Any CPU = Debug|Any CPU
		Release|Any CPU = Release|Any CPU
	EndGlobalSection
	GlobalSection(ProjectConfigurationPlatforms) = postSolution
		{AB818279-A10A-4FF5-9D9D-D129DA89CCE0}.Debug|Any CPU.ActiveCfg = Debug|Any CPU
		{AB818279-A10A-4FF5-9D9D-D129DA89CCE0}.Debug|Any CPU.Build.0 = Debug|Any CPU
		{AB818279-A10A-4FF5-9D9D-D129DA89CCE0}.Release|Any CPU.ActiveCfg = Release|Any CPU
		{AB818279-A10A-4FF5-9D9D-D129DA89CCE0}.Release|Any CPU.Build.0 = Release|Any CPU
	EndGlobalSection
	GlobalSection(SolutionProperties) = preSolution
		HideSolutionNode = FALSE
	EndGlobalSection
	GlobalSection(ExtensibilityGlobals) = postSolution
		SolutionGuid = {B7A76A71-E65B-40C0-952A-1C1397022728}
	EndGlobalSection
EndGlobal
